
Microsoft Visual Studio Solution File, Format Version 12.00
# Visual Studio Version 17
VisualStudioVersion = 17.7.34031.279
MinimumVisualStudioVersion = 10.0.40219.1
Project("{FAE04EC0-301F-11D3-BF4B-00C04F79EFBC}") = "ImageDetalization", "ImageDetalization.csproj", "{9F291A83-6772-483E-9833-5D344C0AD037}"
EndProject
Global
	GlobalSection(SolutionConfigurationPlatforms) = preSolution
		Debug|Any CPU = Debug|Any CPU
		Release|Any CPU = Release|Any CPU
	EndGlobalSection
	GlobalSection(ProjectConfigurationPlatforms) = postSolution
		{9F291A83-6772-483E-9833-5D344C0AD037}.Debug|Any CPU.ActiveCfg = Debug|Any CPU
		{9F291A83-6772-483E-9833-5D344C0AD037}.Debug|Any CPU.Build.0 = Debug|Any CPU
		{9F291A83-6772-483E-9833-5D344C0AD037}.Release|Any CPU.ActiveCfg = Release|Any CPU
		{9F291A83-6772-483E-9833-5D344C0AD037}.Release|Any CPU.Build.0 = Release|Any CPU
	EndGlobalSection
	GlobalSection(SolutionProperties) = preSolution
		HideSolutionNode = FALSE
	EndGlobalSection
	GlobalSection(ExtensibilityGlobals) = postSolution
		SolutionGuid = {72FE5380-D4A2-428E-8B8F-E6C5D0750C87}
	EndGlobalSection
EndGlobal
